// !$*UTF8*$!
{
	archiveVersion = 1;
	classes = {
	};
	objectVersion = 50;
	objects = {

/* Begin PBXBuildFile section */
		0D677B4E258D564E003B1D72 /* XCTestCase+MemoryLeakTracking.swift in Sources */ = {isa = PBXBuildFile; fileRef = 0D677B4D258D564E003B1D72 /* XCTestCase+MemoryLeakTracking.swift */; };
		0D677B52258D56E1003B1D72 /* SharedTestHelpers.swift in Sources */ = {isa = PBXBuildFile; fileRef = 0D677B51258D56E1003B1D72 /* SharedTestHelpers.swift */; };
		0DB21DCA258C207D00917693 /* AppDelegate.swift in Sources */ = {isa = PBXBuildFile; fileRef = 0DB21DC9258C207D00917693 /* AppDelegate.swift */; };
		0DB21DCC258C207D00917693 /* SceneDelegate.swift in Sources */ = {isa = PBXBuildFile; fileRef = 0DB21DCB258C207D00917693 /* SceneDelegate.swift */; };
		0DB21DD3258C207E00917693 /* Assets.xcassets in Resources */ = {isa = PBXBuildFile; fileRef = 0DB21DD2258C207E00917693 /* Assets.xcassets */; };
		0DB21DD6258C207E00917693 /* LaunchScreen.storyboard in Resources */ = {isa = PBXBuildFile; fileRef = 0DB21DD4258C207E00917693 /* LaunchScreen.storyboard */; };
		0DB21E0A258C227600917693 /* EssentialFeed.framework in Frameworks */ = {isa = PBXBuildFile; fileRef = 0DB21E08258C227600917693 /* EssentialFeed.framework */; };
		0DB21E0B258C227600917693 /* EssentialFeed.framework in Embed Frameworks */ = {isa = PBXBuildFile; fileRef = 0DB21E08258C227600917693 /* EssentialFeed.framework */; settings = {ATTRIBUTES = (CodeSignOnCopy, RemoveHeadersOnCopy, ); }; };
		0DB21E0C258C227600917693 /* EssentialFeediOS.framework in Frameworks */ = {isa = PBXBuildFile; fileRef = 0DB21E09258C227600917693 /* EssentialFeediOS.framework */; };
		0DB21E0D258C227600917693 /* EssentialFeediOS.framework in Embed Frameworks */ = {isa = PBXBuildFile; fileRef = 0DB21E09258C227600917693 /* EssentialFeediOS.framework */; settings = {ATTRIBUTES = (CodeSignOnCopy, RemoveHeadersOnCopy, ); }; };
		0DDA992C25CC1E6F008D4165 /* CommentsUIIntegrationTests.swift in Sources */ = {isa = PBXBuildFile; fileRef = 0DDA992B25CC1E6F008D4165 /* CommentsUIIntegrationTests.swift */; };
		0DDA993025CC2047008D4165 /* CommentsUIComposer.swift in Sources */ = {isa = PBXBuildFile; fileRef = 0DDA992F25CC2047008D4165 /* CommentsUIComposer.swift */; };
		0DDA9A0425D5E31D008D4165 /* NullStore.swift in Sources */ = {isa = PBXBuildFile; fileRef = 0DDA9A0325D5E31D008D4165 /* NullStore.swift */; };
		0DFAA05C259A0F0200EC54BE /* SceneDelegateTests.swift in Sources */ = {isa = PBXBuildFile; fileRef = 0DFAA05B259A0F0200EC54BE /* SceneDelegateTests.swift */; };
		0DFAA099259A151B00EC54BE /* WeakRefVirtualProxy.swift in Sources */ = {isa = PBXBuildFile; fileRef = 0DFAA097259A151B00EC54BE /* WeakRefVirtualProxy.swift */; };
		0DFAA09A259A151B00EC54BE /* FeedUIComposer.swift in Sources */ = {isa = PBXBuildFile; fileRef = 0DFAA094259A151B00EC54BE /* FeedUIComposer.swift */; };
		0DFAA09C259A151B00EC54BE /* FeedViewAdapter.swift in Sources */ = {isa = PBXBuildFile; fileRef = 0DFAA096259A151B00EC54BE /* FeedViewAdapter.swift */; };
		0DFAA09D259A151B00EC54BE /* LoadResourcePresentationAdapter.swift in Sources */ = {isa = PBXBuildFile; fileRef = 0DFAA098259A151B00EC54BE /* LoadResourcePresentationAdapter.swift */; };
		0DFAA0B4259A158300EC54BE /* UIControl+TestHelpers.swift in Sources */ = {isa = PBXBuildFile; fileRef = 0DFAA0AC259A158300EC54BE /* UIControl+TestHelpers.swift */; };
		0DFAA0B5259A158300EC54BE /* FeedUIIntegrationTests+Assertions.swift in Sources */ = {isa = PBXBuildFile; fileRef = 0DFAA0AB259A158300EC54BE /* FeedUIIntegrationTests+Assertions.swift */; };
		0DFAA0B7259A158300EC54BE /* UIRefreshControl+TestHelpers.swift in Sources */ = {isa = PBXBuildFile; fileRef = 0DFAA0AE259A158300EC54BE /* UIRefreshControl+TestHelpers.swift */; };
		0DFAA0B8259A158300EC54BE /* UIImage+TestHelpers.swift in Sources */ = {isa = PBXBuildFile; fileRef = 0DFAA0B1259A158300EC54BE /* UIImage+TestHelpers.swift */; };
		0DFAA0B9259A158300EC54BE /* ListViewController+TestHelpers.swift in Sources */ = {isa = PBXBuildFile; fileRef = 0DFAA0AF259A158300EC54BE /* ListViewController+TestHelpers.swift */; };
		0DFAA0BA259A158300EC54BE /* FeedUIIntegrationTests+LoaderSpy.swift in Sources */ = {isa = PBXBuildFile; fileRef = 0DFAA0B2259A158300EC54BE /* FeedUIIntegrationTests+LoaderSpy.swift */; };
		0DFAA0BB259A158300EC54BE /* UIButton+TestHelpers.swift in Sources */ = {isa = PBXBuildFile; fileRef = 0DFAA0B0259A158300EC54BE /* UIButton+TestHelpers.swift */; };
		0DFAA0BC259A158300EC54BE /* FeedImageCell+TestHelpers.swift in Sources */ = {isa = PBXBuildFile; fileRef = 0DFAA0AD259A158300EC54BE /* FeedImageCell+TestHelpers.swift */; };
		0DFAA0DA259A1CE000EC54BE /* FeedUIIntegrationTests.swift in Sources */ = {isa = PBXBuildFile; fileRef = 0DFAA0D9259A1CE000EC54BE /* FeedUIIntegrationTests.swift */; };
		0DFAA0E5259A1D8400EC54BE /* FeedAcceptanceTests.swift in Sources */ = {isa = PBXBuildFile; fileRef = 0DFAA0E4259A1D8400EC54BE /* FeedAcceptanceTests.swift */; };
		0DFAA0F4259A71D500EC54BE /* HTTPClientStub.swift in Sources */ = {isa = PBXBuildFile; fileRef = 0DFAA0F3259A71D500EC54BE /* HTTPClientStub.swift */; };
		0DFAA0F7259A72AC00EC54BE /* InMemoryFeedStore.swift in Sources */ = {isa = PBXBuildFile; fileRef = 0DFAA0F6259A72AC00EC54BE /* InMemoryFeedStore.swift */; };
		0DFAA130259D22F700EC54BE /* UIView+TestHelpers.swift in Sources */ = {isa = PBXBuildFile; fileRef = 0DFAA12F259D22F700EC54BE /* UIView+TestHelpers.swift */; };
		0DFAA15A25A286F200EC54BE /* CombineHelpers.swift in Sources */ = {isa = PBXBuildFile; fileRef = 0DFAA15925A286F200EC54BE /* CombineHelpers.swift */; };
/* End PBXBuildFile section */

/* Begin PBXContainerItemProxy section */
		0DB21DDD258C207E00917693 /* PBXContainerItemProxy */ = {
			isa = PBXContainerItemProxy;
			containerPortal = 0DB21DBE258C207D00917693 /* Project object */;
			proxyType = 1;
			remoteGlobalIDString = 0DB21DC5258C207D00917693;
			remoteInfo = EssentialApp;
		};
/* End PBXContainerItemProxy section */

/* Begin PBXCopyFilesBuildPhase section */
		0DB21E0E258C227600917693 /* Embed Frameworks */ = {
			isa = PBXCopyFilesBuildPhase;
			buildActionMask = 2147483647;
			dstPath = "";
			dstSubfolderSpec = 10;
			files = (
				0DB21E0B258C227600917693 /* EssentialFeed.framework in Embed Frameworks */,
				0DB21E0D258C227600917693 /* EssentialFeediOS.framework in Embed Frameworks */,
			);
			name = "Embed Frameworks";
			runOnlyForDeploymentPostprocessing = 0;
		};
/* End PBXCopyFilesBuildPhase section */

/* Begin PBXFileReference section */
		0D677B4D258D564E003B1D72 /* XCTestCase+MemoryLeakTracking.swift */ = {isa = PBXFileReference; lastKnownFileType = sourcecode.swift; path = "XCTestCase+MemoryLeakTracking.swift"; sourceTree = "<group>"; };
		0D677B51258D56E1003B1D72 /* SharedTestHelpers.swift */ = {isa = PBXFileReference; lastKnownFileType = sourcecode.swift; path = SharedTestHelpers.swift; sourceTree = "<group>"; };
		0DB21DC6258C207D00917693 /* EssentialApp.app */ = {isa = PBXFileReference; explicitFileType = wrapper.application; includeInIndex = 0; path = EssentialApp.app; sourceTree = BUILT_PRODUCTS_DIR; };
		0DB21DC9258C207D00917693 /* AppDelegate.swift */ = {isa = PBXFileReference; lastKnownFileType = sourcecode.swift; path = AppDelegate.swift; sourceTree = "<group>"; };
		0DB21DCB258C207D00917693 /* SceneDelegate.swift */ = {isa = PBXFileReference; lastKnownFileType = sourcecode.swift; path = SceneDelegate.swift; sourceTree = "<group>"; };
		0DB21DD2258C207E00917693 /* Assets.xcassets */ = {isa = PBXFileReference; lastKnownFileType = folder.assetcatalog; path = Assets.xcassets; sourceTree = "<group>"; };
		0DB21DD5258C207E00917693 /* Base */ = {isa = PBXFileReference; lastKnownFileType = file.storyboard; name = Base; path = Base.lproj/LaunchScreen.storyboard; sourceTree = "<group>"; };
		0DB21DD7258C207E00917693 /* Info.plist */ = {isa = PBXFileReference; lastKnownFileType = text.plist.xml; path = Info.plist; sourceTree = "<group>"; };
		0DB21DDC258C207E00917693 /* EssentialAppTests.xctest */ = {isa = PBXFileReference; explicitFileType = wrapper.cfbundle; includeInIndex = 0; path = EssentialAppTests.xctest; sourceTree = BUILT_PRODUCTS_DIR; };
		0DB21DE2258C207E00917693 /* Info.plist */ = {isa = PBXFileReference; lastKnownFileType = text.plist.xml; path = Info.plist; sourceTree = "<group>"; };
		0DB21E08258C227600917693 /* EssentialFeed.framework */ = {isa = PBXFileReference; explicitFileType = wrapper.framework; path = EssentialFeed.framework; sourceTree = BUILT_PRODUCTS_DIR; };
		0DB21E09258C227600917693 /* EssentialFeediOS.framework */ = {isa = PBXFileReference; explicitFileType = wrapper.framework; path = EssentialFeediOS.framework; sourceTree = BUILT_PRODUCTS_DIR; };
		0DDA992B25CC1E6F008D4165 /* CommentsUIIntegrationTests.swift */ = {isa = PBXFileReference; lastKnownFileType = sourcecode.swift; path = CommentsUIIntegrationTests.swift; sourceTree = "<group>"; };
		0DDA992F25CC2047008D4165 /* CommentsUIComposer.swift */ = {isa = PBXFileReference; lastKnownFileType = sourcecode.swift; path = CommentsUIComposer.swift; sourceTree = "<group>"; };
		0DDA9A0325D5E31D008D4165 /* NullStore.swift */ = {isa = PBXFileReference; lastKnownFileType = sourcecode.swift; path = NullStore.swift; sourceTree = "<group>"; };
		0DFAA05B259A0F0200EC54BE /* SceneDelegateTests.swift */ = {isa = PBXFileReference; lastKnownFileType = sourcecode.swift; path = SceneDelegateTests.swift; sourceTree = "<group>"; };
		0DFAA094259A151B00EC54BE /* FeedUIComposer.swift */ = {isa = PBXFileReference; lastKnownFileType = sourcecode.swift; path = FeedUIComposer.swift; sourceTree = "<group>"; };
		0DFAA096259A151B00EC54BE /* FeedViewAdapter.swift */ = {isa = PBXFileReference; lastKnownFileType = sourcecode.swift; path = FeedViewAdapter.swift; sourceTree = "<group>"; };
		0DFAA097259A151B00EC54BE /* WeakRefVirtualProxy.swift */ = {isa = PBXFileReference; lastKnownFileType = sourcecode.swift; path = WeakRefVirtualProxy.swift; sourceTree = "<group>"; };
		0DFAA098259A151B00EC54BE /* LoadResourcePresentationAdapter.swift */ = {isa = PBXFileReference; lastKnownFileType = sourcecode.swift; path = LoadResourcePresentationAdapter.swift; sourceTree = "<group>"; };
		0DFAA0AB259A158300EC54BE /* FeedUIIntegrationTests+Assertions.swift */ = {isa = PBXFileReference; lastKnownFileType = sourcecode.swift; path = "FeedUIIntegrationTests+Assertions.swift"; sourceTree = "<group>"; };
		0DFAA0AC259A158300EC54BE /* UIControl+TestHelpers.swift */ = {isa = PBXFileReference; lastKnownFileType = sourcecode.swift; path = "UIControl+TestHelpers.swift"; sourceTree = "<group>"; };
		0DFAA0AD259A158300EC54BE /* FeedImageCell+TestHelpers.swift */ = {isa = PBXFileReference; lastKnownFileType = sourcecode.swift; path = "FeedImageCell+TestHelpers.swift"; sourceTree = "<group>"; };
		0DFAA0AE259A158300EC54BE /* UIRefreshControl+TestHelpers.swift */ = {isa = PBXFileReference; lastKnownFileType = sourcecode.swift; path = "UIRefreshControl+TestHelpers.swift"; sourceTree = "<group>"; };
		0DFAA0AF259A158300EC54BE /* ListViewController+TestHelpers.swift */ = {isa = PBXFileReference; lastKnownFileType = sourcecode.swift; path = "ListViewController+TestHelpers.swift"; sourceTree = "<group>"; };
		0DFAA0B0259A158300EC54BE /* UIButton+TestHelpers.swift */ = {isa = PBXFileReference; lastKnownFileType = sourcecode.swift; path = "UIButton+TestHelpers.swift"; sourceTree = "<group>"; };
		0DFAA0B1259A158300EC54BE /* UIImage+TestHelpers.swift */ = {isa = PBXFileReference; lastKnownFileType = sourcecode.swift; path = "UIImage+TestHelpers.swift"; sourceTree = "<group>"; };
		0DFAA0B2259A158300EC54BE /* FeedUIIntegrationTests+LoaderSpy.swift */ = {isa = PBXFileReference; lastKnownFileType = sourcecode.swift; path = "FeedUIIntegrationTests+LoaderSpy.swift"; sourceTree = "<group>"; };
		0DFAA0D9259A1CE000EC54BE /* FeedUIIntegrationTests.swift */ = {isa = PBXFileReference; lastKnownFileType = sourcecode.swift; path = FeedUIIntegrationTests.swift; sourceTree = "<group>"; };
		0DFAA0E4259A1D8400EC54BE /* FeedAcceptanceTests.swift */ = {isa = PBXFileReference; lastKnownFileType = sourcecode.swift; path = FeedAcceptanceTests.swift; sourceTree = "<group>"; };
		0DFAA0F3259A71D500EC54BE /* HTTPClientStub.swift */ = {isa = PBXFileReference; lastKnownFileType = sourcecode.swift; path = HTTPClientStub.swift; sourceTree = "<group>"; };
		0DFAA0F6259A72AC00EC54BE /* InMemoryFeedStore.swift */ = {isa = PBXFileReference; lastKnownFileType = sourcecode.swift; path = InMemoryFeedStore.swift; sourceTree = "<group>"; };
		0DFAA12F259D22F700EC54BE /* UIView+TestHelpers.swift */ = {isa = PBXFileReference; lastKnownFileType = sourcecode.swift; path = "UIView+TestHelpers.swift"; sourceTree = "<group>"; };
		0DFAA15925A286F200EC54BE /* CombineHelpers.swift */ = {isa = PBXFileReference; lastKnownFileType = sourcecode.swift; path = CombineHelpers.swift; sourceTree = "<group>"; };
/* End PBXFileReference section */

/* Begin PBXFrameworksBuildPhase section */
		0DB21DC3258C207D00917693 /* Frameworks */ = {
			isa = PBXFrameworksBuildPhase;
			buildActionMask = 2147483647;
			files = (
				0DB21E0A258C227600917693 /* EssentialFeed.framework in Frameworks */,
				0DB21E0C258C227600917693 /* EssentialFeediOS.framework in Frameworks */,
			);
			runOnlyForDeploymentPostprocessing = 0;
		};
		0DB21DD9258C207E00917693 /* Frameworks */ = {
			isa = PBXFrameworksBuildPhase;
			buildActionMask = 2147483647;
			files = (
			);
			runOnlyForDeploymentPostprocessing = 0;
		};
/* End PBXFrameworksBuildPhase section */

/* Begin PBXGroup section */
		0D677B4C258D5641003B1D72 /* Helpers */ = {
			isa = PBXGroup;
			children = (
				0DFAA0B1259A158300EC54BE /* UIImage+TestHelpers.swift */,
				0DFAA0AE259A158300EC54BE /* UIRefreshControl+TestHelpers.swift */,
				0DFAA0B0259A158300EC54BE /* UIButton+TestHelpers.swift */,
				0DFAA0AC259A158300EC54BE /* UIControl+TestHelpers.swift */,
				0DFAA12F259D22F700EC54BE /* UIView+TestHelpers.swift */,
				0DFAA0AD259A158300EC54BE /* FeedImageCell+TestHelpers.swift */,
				0DFAA0AF259A158300EC54BE /* ListViewController+TestHelpers.swift */,
				0DFAA0B2259A158300EC54BE /* FeedUIIntegrationTests+LoaderSpy.swift */,
				0DFAA0AB259A158300EC54BE /* FeedUIIntegrationTests+Assertions.swift */,
				0D677B51258D56E1003B1D72 /* SharedTestHelpers.swift */,
				0D677B4D258D564E003B1D72 /* XCTestCase+MemoryLeakTracking.swift */,
				0DFAA0F3259A71D500EC54BE /* HTTPClientStub.swift */,
				0DFAA0F6259A72AC00EC54BE /* InMemoryFeedStore.swift */,
			);
			path = Helpers;
			sourceTree = "<group>";
		};
		0DB21DBD258C207D00917693 = {
			isa = PBXGroup;
			children = (
				0DB21DC8258C207D00917693 /* EssentialApp */,
				0DB21DDF258C207E00917693 /* EssentialAppTests */,
				0DB21DC7258C207D00917693 /* Products */,
				0DB21E07258C227600917693 /* Frameworks */,
			);
			sourceTree = "<group>";
		};
		0DB21DC7258C207D00917693 /* Products */ = {
			isa = PBXGroup;
			children = (
				0DB21DC6258C207D00917693 /* EssentialApp.app */,
				0DB21DDC258C207E00917693 /* EssentialAppTests.xctest */,
			);
			name = Products;
			sourceTree = "<group>";
		};
		0DB21DC8258C207D00917693 /* EssentialApp */ = {
			isa = PBXGroup;
			children = (
				0DB21DC9258C207D00917693 /* AppDelegate.swift */,
				0DDA9A0325D5E31D008D4165 /* NullStore.swift */,
				0DB21DCB258C207D00917693 /* SceneDelegate.swift */,
				0DFAA15925A286F200EC54BE /* CombineHelpers.swift */,
				0DFAA094259A151B00EC54BE /* FeedUIComposer.swift */,
				0DDA992F25CC2047008D4165 /* CommentsUIComposer.swift */,
				0DFAA097259A151B00EC54BE /* WeakRefVirtualProxy.swift */,
				0DFAA096259A151B00EC54BE /* FeedViewAdapter.swift */,
				0DFAA098259A151B00EC54BE /* LoadResourcePresentationAdapter.swift */,
				0DB21DD2258C207E00917693 /* Assets.xcassets */,
				0DB21DD4258C207E00917693 /* LaunchScreen.storyboard */,
				0DB21DD7258C207E00917693 /* Info.plist */,
			);
			path = EssentialApp;
			sourceTree = "<group>";
		};
		0DB21DDF258C207E00917693 /* EssentialAppTests */ = {
			isa = PBXGroup;
			children = (
				0D677B4C258D5641003B1D72 /* Helpers */,
				0DFAA05B259A0F0200EC54BE /* SceneDelegateTests.swift */,
				0DFAA0D9259A1CE000EC54BE /* FeedUIIntegrationTests.swift */,
				0DFAA0E4259A1D8400EC54BE /* FeedAcceptanceTests.swift */,
				0DDA992B25CC1E6F008D4165 /* CommentsUIIntegrationTests.swift */,
				0DB21DE2258C207E00917693 /* Info.plist */,
			);
			path = EssentialAppTests;
			sourceTree = "<group>";
		};
		0DB21E07258C227600917693 /* Frameworks */ = {
			isa = PBXGroup;
			children = (
				0DB21E08258C227600917693 /* EssentialFeed.framework */,
				0DB21E09258C227600917693 /* EssentialFeediOS.framework */,
			);
			name = Frameworks;
			sourceTree = "<group>";
		};
/* End PBXGroup section */

/* Begin PBXNativeTarget section */
		0DB21DC5258C207D00917693 /* EssentialApp */ = {
			isa = PBXNativeTarget;
			buildConfigurationList = 0DB21DF0258C207E00917693 /* Build configuration list for PBXNativeTarget "EssentialApp" */;
			buildPhases = (
				0DB21DC2258C207D00917693 /* Sources */,
				0DB21DC3258C207D00917693 /* Frameworks */,
				0DB21DC4258C207D00917693 /* Resources */,
				0DB21E0E258C227600917693 /* Embed Frameworks */,
			);
			buildRules = (
			);
			dependencies = (
			);
			name = EssentialApp;
			productName = EssentialApp;
			productReference = 0DB21DC6258C207D00917693 /* EssentialApp.app */;
			productType = "com.apple.product-type.application";
		};
		0DB21DDB258C207E00917693 /* EssentialAppTests */ = {
			isa = PBXNativeTarget;
			buildConfigurationList = 0DB21DF3258C207E00917693 /* Build configuration list for PBXNativeTarget "EssentialAppTests" */;
			buildPhases = (
				0DB21DD8258C207E00917693 /* Sources */,
				0DB21DD9258C207E00917693 /* Frameworks */,
				0DB21DDA258C207E00917693 /* Resources */,
			);
			buildRules = (
			);
			dependencies = (
				0DB21DDE258C207E00917693 /* PBXTargetDependency */,
			);
			name = EssentialAppTests;
			productName = EssentialAppTests;
			productReference = 0DB21DDC258C207E00917693 /* EssentialAppTests.xctest */;
			productType = "com.apple.product-type.bundle.unit-test";
		};
/* End PBXNativeTarget section */

/* Begin PBXProject section */
		0DB21DBE258C207D00917693 /* Project object */ = {
			isa = PBXProject;
			attributes = {
				LastSwiftUpdateCheck = 1230;
				LastUpgradeCheck = 1230;
				TargetAttributes = {
					0DB21DC5258C207D00917693 = {
						CreatedOnToolsVersion = 12.3;
					};
					0DB21DDB258C207E00917693 = {
						CreatedOnToolsVersion = 12.3;
						TestTargetID = 0DB21DC5258C207D00917693;
					};
				};
			};
			buildConfigurationList = 0DB21DC1258C207D00917693 /* Build configuration list for PBXProject "EssentialApp" */;
			compatibilityVersion = "Xcode 9.3";
			developmentRegion = en;
			hasScannedForEncodings = 0;
			knownRegions = (
				en,
				Base,
			);
			mainGroup = 0DB21DBD258C207D00917693;
			productRefGroup = 0DB21DC7258C207D00917693 /* Products */;
			projectDirPath = "";
			projectRoot = "";
			targets = (
				0DB21DC5258C207D00917693 /* EssentialApp */,
				0DB21DDB258C207E00917693 /* EssentialAppTests */,
			);
		};
/* End PBXProject section */

/* Begin PBXResourcesBuildPhase section */
		0DB21DC4258C207D00917693 /* Resources */ = {
			isa = PBXResourcesBuildPhase;
			buildActionMask = 2147483647;
			files = (
				0DB21DD6258C207E00917693 /* LaunchScreen.storyboard in Resources */,
				0DB21DD3258C207E00917693 /* Assets.xcassets in Resources */,
			);
			runOnlyForDeploymentPostprocessing = 0;
		};
		0DB21DDA258C207E00917693 /* Resources */ = {
			isa = PBXResourcesBuildPhase;
			buildActionMask = 2147483647;
			files = (
			);
			runOnlyForDeploymentPostprocessing = 0;
		};
/* End PBXResourcesBuildPhase section */

/* Begin PBXSourcesBuildPhase section */
		0DB21DC2258C207D00917693 /* Sources */ = {
			isa = PBXSourcesBuildPhase;
			buildActionMask = 2147483647;
			files = (
				0DFAA09A259A151B00EC54BE /* FeedUIComposer.swift in Sources */,
				0DB21DCA258C207D00917693 /* AppDelegate.swift in Sources */,
				0DFAA099259A151B00EC54BE /* WeakRefVirtualProxy.swift in Sources */,
				0DDA9A0425D5E31D008D4165 /* NullStore.swift in Sources */,
				0DFAA09C259A151B00EC54BE /* FeedViewAdapter.swift in Sources */,
				0DFAA09D259A151B00EC54BE /* LoadResourcePresentationAdapter.swift in Sources */,
				0DB21DCC258C207D00917693 /* SceneDelegate.swift in Sources */,
				0DFAA15A25A286F200EC54BE /* CombineHelpers.swift in Sources */,
				0DDA993025CC2047008D4165 /* CommentsUIComposer.swift in Sources */,
			);
			runOnlyForDeploymentPostprocessing = 0;
		};
		0DB21DD8258C207E00917693 /* Sources */ = {
			isa = PBXSourcesBuildPhase;
			buildActionMask = 2147483647;
			files = (
				0DDA992C25CC1E6F008D4165 /* CommentsUIIntegrationTests.swift in Sources */,
				0DFAA0B7259A158300EC54BE /* UIRefreshControl+TestHelpers.swift in Sources */,
				0DFAA0BB259A158300EC54BE /* UIButton+TestHelpers.swift in Sources */,
				0DFAA0B9259A158300EC54BE /* ListViewController+TestHelpers.swift in Sources */,
				0DFAA0B8259A158300EC54BE /* UIImage+TestHelpers.swift in Sources */,
				0DFAA0BC259A158300EC54BE /* FeedImageCell+TestHelpers.swift in Sources */,
				0DFAA0B4259A158300EC54BE /* UIControl+TestHelpers.swift in Sources */,
				0DFAA05C259A0F0200EC54BE /* SceneDelegateTests.swift in Sources */,
				0DFAA0F7259A72AC00EC54BE /* InMemoryFeedStore.swift in Sources */,
				0DFAA0B5259A158300EC54BE /* FeedUIIntegrationTests+Assertions.swift in Sources */,
				0DFAA0BA259A158300EC54BE /* FeedUIIntegrationTests+LoaderSpy.swift in Sources */,
				0DFAA0F4259A71D500EC54BE /* HTTPClientStub.swift in Sources */,
				0D677B52258D56E1003B1D72 /* SharedTestHelpers.swift in Sources */,
				0DFAA130259D22F700EC54BE /* UIView+TestHelpers.swift in Sources */,
				0DFAA0E5259A1D8400EC54BE /* FeedAcceptanceTests.swift in Sources */,
				0D677B4E258D564E003B1D72 /* XCTestCase+MemoryLeakTracking.swift in Sources */,
				0DFAA0DA259A1CE000EC54BE /* FeedUIIntegrationTests.swift in Sources */,
			);
			runOnlyForDeploymentPostprocessing = 0;
		};
/* End PBXSourcesBuildPhase section */

/* Begin PBXTargetDependency section */
		0DB21DDE258C207E00917693 /* PBXTargetDependency */ = {
			isa = PBXTargetDependency;
			target = 0DB21DC5258C207D00917693 /* EssentialApp */;
			targetProxy = 0DB21DDD258C207E00917693 /* PBXContainerItemProxy */;
		};
/* End PBXTargetDependency section */

/* Begin PBXVariantGroup section */
		0DB21DD4258C207E00917693 /* LaunchScreen.storyboard */ = {
			isa = PBXVariantGroup;
			children = (
				0DB21DD5258C207E00917693 /* Base */,
			);
			name = LaunchScreen.storyboard;
			sourceTree = "<group>";
		};
/* End PBXVariantGroup section */

/* Begin XCBuildConfiguration section */
		0DB21DEE258C207E00917693 /* Debug */ = {
			isa = XCBuildConfiguration;
			buildSettings = {
				ALWAYS_SEARCH_USER_PATHS = NO;
				CLANG_ANALYZER_NONNULL = YES;
				CLANG_ANALYZER_NUMBER_OBJECT_CONVERSION = YES_AGGRESSIVE;
				CLANG_CXX_LANGUAGE_STANDARD = "gnu++14";
				CLANG_CXX_LIBRARY = "libc++";
				CLANG_ENABLE_MODULES = YES;
				CLANG_ENABLE_OBJC_ARC = YES;
				CLANG_ENABLE_OBJC_WEAK = YES;
				CLANG_WARN_BLOCK_CAPTURE_AUTORELEASING = YES;
				CLANG_WARN_BOOL_CONVERSION = YES;
				CLANG_WARN_COMMA = YES;
				CLANG_WARN_CONSTANT_CONVERSION = YES;
				CLANG_WARN_DEPRECATED_OBJC_IMPLEMENTATIONS = YES;
				CLANG_WARN_DIRECT_OBJC_ISA_USAGE = YES_ERROR;
				CLANG_WARN_DOCUMENTATION_COMMENTS = YES;
				CLANG_WARN_EMPTY_BODY = YES;
				CLANG_WARN_ENUM_CONVERSION = YES;
				CLANG_WARN_INFINITE_RECURSION = YES;
				CLANG_WARN_INT_CONVERSION = YES;
				CLANG_WARN_NON_LITERAL_NULL_CONVERSION = YES;
				CLANG_WARN_OBJC_IMPLICIT_RETAIN_SELF = YES;
				CLANG_WARN_OBJC_LITERAL_CONVERSION = YES;
				CLANG_WARN_OBJC_ROOT_CLASS = YES_ERROR;
				CLANG_WARN_QUOTED_INCLUDE_IN_FRAMEWORK_HEADER = YES;
				CLANG_WARN_RANGE_LOOP_ANALYSIS = YES;
				CLANG_WARN_STRICT_PROTOTYPES = YES;
				CLANG_WARN_SUSPICIOUS_MOVE = YES;
				CLANG_WARN_UNGUARDED_AVAILABILITY = YES_AGGRESSIVE;
				CLANG_WARN_UNREACHABLE_CODE = YES;
				CLANG_WARN__DUPLICATE_METHOD_MATCH = YES;
				COPY_PHASE_STRIP = NO;
				DEBUG_INFORMATION_FORMAT = dwarf;
				ENABLE_STRICT_OBJC_MSGSEND = YES;
				ENABLE_TESTABILITY = YES;
				GCC_C_LANGUAGE_STANDARD = gnu11;
				GCC_DYNAMIC_NO_PIC = NO;
				GCC_NO_COMMON_BLOCKS = YES;
				GCC_OPTIMIZATION_LEVEL = 0;
				GCC_PREPROCESSOR_DEFINITIONS = (
					"DEBUG=1",
					"$(inherited)",
				);
				GCC_WARN_64_TO_32_BIT_CONVERSION = YES;
				GCC_WARN_ABOUT_RETURN_TYPE = YES_ERROR;
				GCC_WARN_UNDECLARED_SELECTOR = YES;
				GCC_WARN_UNINITIALIZED_AUTOS = YES_AGGRESSIVE;
				GCC_WARN_UNUSED_FUNCTION = YES;
				GCC_WARN_UNUSED_VARIABLE = YES;
				IPHONEOS_DEPLOYMENT_TARGET = 16.0;
				MTL_ENABLE_DEBUG_INFO = INCLUDE_SOURCE;
				MTL_FAST_MATH = YES;
				ONLY_ACTIVE_ARCH = YES;
				SDKROOT = iphoneos;
				SWIFT_ACTIVE_COMPILATION_CONDITIONS = DEBUG;
				SWIFT_OPTIMIZATION_LEVEL = "-Onone";
			};
			name = Debug;
		};
		0DB21DEF258C207E00917693 /* Release */ = {
			isa = XCBuildConfiguration;
			buildSettings = {
				ALWAYS_SEARCH_USER_PATHS = NO;
				CLANG_ANALYZER_NONNULL = YES;
				CLANG_ANALYZER_NUMBER_OBJECT_CONVERSION = YES_AGGRESSIVE;
				CLANG_CXX_LANGUAGE_STANDARD = "gnu++14";
				CLANG_CXX_LIBRARY = "libc++";
				CLANG_ENABLE_MODULES = YES;
				CLANG_ENABLE_OBJC_ARC = YES;
				CLANG_ENABLE_OBJC_WEAK = YES;
				CLANG_WARN_BLOCK_CAPTURE_AUTORELEASING = YES;
				CLANG_WARN_BOOL_CONVERSION = YES;
				CLANG_WARN_COMMA = YES;
				CLANG_WARN_CONSTANT_CONVERSION = YES;
				CLANG_WARN_DEPRECATED_OBJC_IMPLEMENTATIONS = YES;
				CLANG_WARN_DIRECT_OBJC_ISA_USAGE = YES_ERROR;
				CLANG_WARN_DOCUMENTATION_COMMENTS = YES;
				CLANG_WARN_EMPTY_BODY = YES;
				CLANG_WARN_ENUM_CONVERSION = YES;
				CLANG_WARN_INFINITE_RECURSION = YES;
				CLANG_WARN_INT_CONVERSION = YES;
				CLANG_WARN_NON_LITERAL_NULL_CONVERSION = YES;
				CLANG_WARN_OBJC_IMPLICIT_RETAIN_SELF = YES;
				CLANG_WARN_OBJC_LITERAL_CONVERSION = YES;
				CLANG_WARN_OBJC_ROOT_CLASS = YES_ERROR;
				CLANG_WARN_QUOTED_INCLUDE_IN_FRAMEWORK_HEADER = YES;
				CLANG_WARN_RANGE_LOOP_ANALYSIS = YES;
				CLANG_WARN_STRICT_PROTOTYPES = YES;
				CLANG_WARN_SUSPICIOUS_MOVE = YES;
				CLANG_WARN_UNGUARDED_AVAILABILITY = YES_AGGRESSIVE;
				CLANG_WARN_UNREACHABLE_CODE = YES;
				CLANG_WARN__DUPLICATE_METHOD_MATCH = YES;
				COPY_PHASE_STRIP = NO;
				DEBUG_INFORMATION_FORMAT = "dwarf-with-dsym";
				ENABLE_NS_ASSERTIONS = NO;
				ENABLE_STRICT_OBJC_MSGSEND = YES;
				GCC_C_LANGUAGE_STANDARD = gnu11;
				GCC_NO_COMMON_BLOCKS = YES;
				GCC_WARN_64_TO_32_BIT_CONVERSION = YES;
				GCC_WARN_ABOUT_RETURN_TYPE = YES_ERROR;
				GCC_WARN_UNDECLARED_SELECTOR = YES;
				GCC_WARN_UNINITIALIZED_AUTOS = YES_AGGRESSIVE;
				GCC_WARN_UNUSED_FUNCTION = YES;
				GCC_WARN_UNUSED_VARIABLE = YES;
				IPHONEOS_DEPLOYMENT_TARGET = 16.0;
				MTL_ENABLE_DEBUG_INFO = NO;
				MTL_FAST_MATH = YES;
				SDKROOT = iphoneos;
				SWIFT_COMPILATION_MODE = wholemodule;
				SWIFT_OPTIMIZATION_LEVEL = "-O";
				VALIDATE_PRODUCT = YES;
			};
			name = Release;
		};
		0DB21DF1258C207E00917693 /* Debug */ = {
			isa = XCBuildConfiguration;
			buildSettings = {
				ASSETCATALOG_COMPILER_APPICON_NAME = AppIcon;
				ASSETCATALOG_COMPILER_GLOBAL_ACCENT_COLOR_NAME = AccentColor;
				CODE_SIGN_STYLE = Automatic;
				DEVELOPMENT_TEAM = RZ2BKVSB8Y;
				INFOPLIST_FILE = EssentialApp/Info.plist;
				IPHONEOS_DEPLOYMENT_TARGET = 16.0;
				LD_RUNPATH_SEARCH_PATHS = (
					"$(inherited)",
					"@executable_path/Frameworks",
				);
				PRODUCT_BUNDLE_IDENTIFIER = com.serrazes.EssentialApp;
				PRODUCT_NAME = "$(TARGET_NAME)";
				SWIFT_VERSION = 5.0;
				TARGETED_DEVICE_FAMILY = "1,2";
			};
			name = Debug;
		};
		0DB21DF2258C207E00917693 /* Release */ = {
			isa = XCBuildConfiguration;
			buildSettings = {
				ASSETCATALOG_COMPILER_APPICON_NAME = AppIcon;
				ASSETCATALOG_COMPILER_GLOBAL_ACCENT_COLOR_NAME = AccentColor;
				CODE_SIGN_STYLE = Automatic;
				DEVELOPMENT_TEAM = RZ2BKVSB8Y;
				INFOPLIST_FILE = EssentialApp/Info.plist;
				IPHONEOS_DEPLOYMENT_TARGET = 16.0;
				LD_RUNPATH_SEARCH_PATHS = (
					"$(inherited)",
					"@executable_path/Frameworks",
				);
				PRODUCT_BUNDLE_IDENTIFIER = com.serrazes.EssentialApp;
				PRODUCT_NAME = "$(TARGET_NAME)";
				SWIFT_VERSION = 5.0;
				TARGETED_DEVICE_FAMILY = "1,2";
			};
			name = Release;
		};
		0DB21DF4258C207E00917693 /* Debug */ = {
			isa = XCBuildConfiguration;
			buildSettings = {
				ALWAYS_EMBED_SWIFT_STANDARD_LIBRARIES = YES;
				BUNDLE_LOADER = "$(TEST_HOST)";
				CODE_SIGN_STYLE = Automatic;
				DEVELOPMENT_TEAM = RZ2BKVSB8Y;
				INFOPLIST_FILE = EssentialAppTests/Info.plist;
				IPHONEOS_DEPLOYMENT_TARGET = 16.0;
				LD_RUNPATH_SEARCH_PATHS = (
					"$(inherited)",
					"@executable_path/Frameworks",
					"@loader_path/Frameworks",
				);
				PRODUCT_BUNDLE_IDENTIFIER = com.serrazes.EssentialAppTests;
				PRODUCT_NAME = "$(TARGET_NAME)";
				SWIFT_VERSION = 5.0;
				TARGETED_DEVICE_FAMILY = "1,2";
				TEST_HOST = "$(BUILT_PRODUCTS_DIR)/EssentialApp.app/EssentialApp";
			};
			name = Debug;
		};
		0DB21DF5258C207E00917693 /* Release */ = {
			isa = XCBuildConfiguration;
			buildSettings = {
				ALWAYS_EMBED_SWIFT_STANDARD_LIBRARIES = YES;
				BUNDLE_LOADER = "$(TEST_HOST)";
				CODE_SIGN_STYLE = Automatic;
				DEVELOPMENT_TEAM = RZ2BKVSB8Y;
				INFOPLIST_FILE = EssentialAppTests/Info.plist;
				IPHONEOS_DEPLOYMENT_TARGET = 16.0;
				LD_RUNPATH_SEARCH_PATHS = (
					"$(inherited)",
					"@executable_path/Frameworks",
					"@loader_path/Frameworks",
				);
				PRODUCT_BUNDLE_IDENTIFIER = com.serrazes.EssentialAppTests;
				PRODUCT_NAME = "$(TARGET_NAME)";
				SWIFT_VERSION = 5.0;
				TARGETED_DEVICE_FAMILY = "1,2";
				TEST_HOST = "$(BUILT_PRODUCTS_DIR)/EssentialApp.app/EssentialApp";
			};
			name = Release;
		};
/* End XCBuildConfiguration section */

/* Begin XCConfigurationList section */
		0DB21DC1258C207D00917693 /* Build configuration list for PBXProject "EssentialApp" */ = {
			isa = XCConfigurationList;
			buildConfigurations = (
				0DB21DEE258C207E00917693 /* Debug */,
				0DB21DEF258C207E00917693 /* Release */,
			);
			defaultConfigurationIsVisible = 0;
			defaultConfigurationName = Release;
		};
		0DB21DF0258C207E00917693 /* Build configuration list for PBXNativeTarget "EssentialApp" */ = {
			isa = XCConfigurationList;
			buildConfigurations = (
				0DB21DF1258C207E00917693 /* Debug */,
				0DB21DF2258C207E00917693 /* Release */,
			);
			defaultConfigurationIsVisible = 0;
			defaultConfigurationName = Release;
		};
		0DB21DF3258C207E00917693 /* Build configuration list for PBXNativeTarget "EssentialAppTests" */ = {
			isa = XCConfigurationList;
			buildConfigurations = (
				0DB21DF4258C207E00917693 /* Debug */,
				0DB21DF5258C207E00917693 /* Release */,
			);
			defaultConfigurationIsVisible = 0;
			defaultConfigurationName = Release;
		};
/* End XCConfigurationList section */
	};
	rootObject = 0DB21DBE258C207D00917693 /* Project object */;
}
